
Microsoft Visual Studio Solution File, Format Version 12.00
# Visual Studio 15
Project("{FAE04EC0-301F-11D3-BF4B-00C04F79EFBC}") = "3dGame", "NavMeshComponents.csproj", "{0AC201C0-228A-A1DD-9C1F-DA269FDA219B}"
EndProject
Project("{FAE04EC0-301F-11D3-BF4B-00C04F79EFBC}") = "3dGame", "Assembly-CSharp.csproj", "{C736F29E-8A95-3F38-405E-BA02FE3E2F76}"
EndProject
Project("{FAE04EC0-301F-11D3-BF4B-00C04F79EFBC}") = "3dGame", "Assembly-CSharp-Editor.csproj", "{DD4C7BDA-CEED-7062-5DFA-87D131BB5DD2}"
EndProject
Project("{FAE04EC0-301F-11D3-BF4B-00C04F79EFBC}") = "3dGame", "NavMeshComponentsEditor.csproj", "{AEA776ED-0FA9-20E8-4204-042ADB65F353}"
EndProject
Global
	GlobalSection(SolutionConfigurationPlatforms) = preSolution
		Debug|Any CPU = Debug|Any CPU
		Release|Any CPU = Release|Any CPU
	EndGlobalSection
	GlobalSection(ProjectConfigurationPlatforms) = postSolution
		{0AC201C0-228A-A1DD-9C1F-DA269FDA219B}.Debug|Any CPU.ActiveCfg = Debug|Any CPU
		{0AC201C0-228A-A1DD-9C1F-DA269FDA219B}.Debug|Any CPU.Build.0 = Debug|Any CPU
		{0AC201C0-228A-A1DD-9C1F-DA269FDA219B}.Release|Any CPU.ActiveCfg = Release|Any CPU
		{0AC201C0-228A-A1DD-9C1F-DA269FDA219B}.Release|Any CPU.Build.0 = Release|Any CPU
		{C736F29E-8A95-3F38-405E-BA02FE3E2F76}.Debug|Any CPU.ActiveCfg = Debug|Any CPU
		{C736F29E-8A95-3F38-405E-BA02FE3E2F76}.Debug|Any CPU.Build.0 = Debug|Any CPU
		{C736F29E-8A95-3F38-405E-BA02FE3E2F76}.Release|Any CPU.ActiveCfg = Release|Any CPU
		{C736F29E-8A95-3F38-405E-BA02FE3E2F76}.Release|Any CPU.Build.0 = Release|Any CPU
		{DD4C7BDA-CEED-7062-5DFA-87D131BB5DD2}.Debug|Any CPU.ActiveCfg = Debug|Any CPU
		{DD4C7BDA-CEED-7062-5DFA-87D131BB5DD2}.Debug|Any CPU.Build.0 = Debug|Any CPU
		{DD4C7BDA-CEED-7062-5DFA-87D131BB5DD2}.Release|Any CPU.ActiveCfg = Release|Any CPU
		{DD4C7BDA-CEED-7062-5DFA-87D131BB5DD2}.Release|Any CPU.Build.0 = Release|Any CPU
		{AEA776ED-0FA9-20E8-4204-042ADB65F353}.Debug|Any CPU.ActiveCfg = Debug|Any CPU
		{AEA776ED-0FA9-20E8-4204-042ADB65F353}.Debug|Any CPU.Build.0 = Debug|Any CPU
		{AEA776ED-0FA9-20E8-4204-042ADB65F353}.Release|Any CPU.ActiveCfg = Release|Any CPU
		{AEA776ED-0FA9-20E8-4204-042ADB65F353}.Release|Any CPU.Build.0 = Release|Any CPU
	EndGlobalSection
	GlobalSection(SolutionProperties) = preSolution
		HideSolutionNode = FALSE
	EndGlobalSection
EndGlobal
